// !$*UTF8*$!
{
	archiveVersion = 1;
	classes = {
	};
	objectVersion = 56;
	objects = {

/* Begin PBXBuildFile section */
		9FB2286DDA6BA63DAE338CE0 /* Pods_TumenCity.framework in Frameworks */ = {isa = PBXBuildFile; fileRef = BA9CE4E3546632B74B273CF4 /* Pods_TumenCity.framework */; };
		B51698A329F55DB80094E3B0 /* Callout.swift in Sources */ = {isa = PBXBuildFile; fileRef = B51698A229F55DB80094E3B0 /* Callout.swift */; };
		B528962E2A0633FE006A85D9 /* SportViewController.swift in Sources */ = {isa = PBXBuildFile; fileRef = B528962D2A0633FE006A85D9 /* SportViewController.swift */; };
		B52896312A063447006A85D9 /* Sport.swift in Sources */ = {isa = PBXBuildFile; fileRef = B52896302A063447006A85D9 /* Sport.swift */; };
		B52896352A063FCD006A85D9 /* SportViewModel.swift in Sources */ = {isa = PBXBuildFile; fileRef = B52896342A063FCD006A85D9 /* SportViewModel.swift */; };
		B52896382A064145006A85D9 /* MKSportAnnotation.swift in Sources */ = {isa = PBXBuildFile; fileRef = B52896372A064145006A85D9 /* MKSportAnnotation.swift */; };
		B528963B2A06B359006A85D9 /* SportCallout.swift in Sources */ = {isa = PBXBuildFile; fileRef = B528963A2A06B359006A85D9 /* SportCallout.swift */; };
		B528963E2A077D68006A85D9 /* SnapKit in Frameworks */ = {isa = PBXBuildFile; productRef = B528963D2A077D68006A85D9 /* SnapKit */; };
		B52896402A078AAC006A85D9 /* sportMock.json in Resources */ = {isa = PBXBuildFile; fileRef = B528963F2A078AAC006A85D9 /* sportMock.json */; };
		B52896422A07B34C006A85D9 /* SportContactView.swift in Sources */ = {isa = PBXBuildFile; fileRef = B52896412A07B34C006A85D9 /* SportContactView.swift */; };
		B52896452A07BB3D006A85D9 /* SportLabelView.swift in Sources */ = {isa = PBXBuildFile; fileRef = B52896442A07BB3D006A85D9 /* SportLabelView.swift */; };
		B52896492A091005006A85D9 /* UIViewControllerMapSegmented.swift in Sources */ = {isa = PBXBuildFile; fileRef = B52896482A091005006A85D9 /* UIViewControllerMapSegmented.swift */; };
		B528964C2A0912D3006A85D9 /* SportViewMap.swift in Sources */ = {isa = PBXBuildFile; fileRef = B528964B2A0912D3006A85D9 /* SportViewMap.swift */; };
		B528964F2A091440006A85D9 /* SportRegistrySearchViewController.swift in Sources */ = {isa = PBXBuildFile; fileRef = B528964E2A091440006A85D9 /* SportRegistrySearchViewController.swift */; };
		B52896522A091464006A85D9 /* SportRegistryView.swift in Sources */ = {isa = PBXBuildFile; fileRef = B52896512A091464006A85D9 /* SportRegistryView.swift */; };
		B52896542A091726006A85D9 /* SportRegistryTableViewCell.swift in Sources */ = {isa = PBXBuildFile; fileRef = B52896532A091726006A85D9 /* SportRegistryTableViewCell.swift */; };
		B52896562A0A1CF2006A85D9 /* DigWorkViewController.swift in Sources */ = {isa = PBXBuildFile; fileRef = B52896552A0A1CF2006A85D9 /* DigWorkViewController.swift */; };
		B528965A2A0A1D12006A85D9 /* DigWorkViewModel.swift in Sources */ = {isa = PBXBuildFile; fileRef = B52896592A0A1D12006A85D9 /* DigWorkViewModel.swift */; };
		B528965D2A0A1E82006A85D9 /* DigWork.swift in Sources */ = {isa = PBXBuildFile; fileRef = B528965C2A0A1E82006A85D9 /* DigWork.swift */; };
		B52896602A0A1F0C006A85D9 /* digWorkMock.json in Resources */ = {isa = PBXBuildFile; fileRef = B528965F2A0A1F0C006A85D9 /* digWorkMock.json */; };
		B52896622A0A2067006A85D9 /* MKDigWorkAnnotation.swift in Sources */ = {isa = PBXBuildFile; fileRef = B52896612A0A2067006A85D9 /* MKDigWorkAnnotation.swift */; };
		B52896642A0A24A5006A85D9 /* DigWorkCallout.swift in Sources */ = {isa = PBXBuildFile; fileRef = B52896632A0A24A5006A85D9 /* DigWorkCallout.swift */; };
		B52896662A0F8343006A85D9 /* CustomBottomSheet.swift in Sources */ = {isa = PBXBuildFile; fileRef = B52896652A0F8343006A85D9 /* CustomBottomSheet.swift */; };
		B52896692A0F93EC006A85D9 /* DigWorkBottomSheet.swift in Sources */ = {isa = PBXBuildFile; fileRef = B52896682A0F93EC006A85D9 /* DigWorkBottomSheet.swift */; };
		B53A680329F54564005DE734 /* Cluster+PieChart.swift in Sources */ = {isa = PBXBuildFile; fileRef = B53A680229F54564005DE734 /* Cluster+PieChart.swift */; };
		B53D66492A028E4F0010F846 /* CloseRoadsViewController.swift in Sources */ = {isa = PBXBuildFile; fileRef = B53D66482A028E4F0010F846 /* CloseRoadsViewController.swift */; };
		B53D664C2A0293430010F846 /* CloseRoad.swift in Sources */ = {isa = PBXBuildFile; fileRef = B53D664B2A0293430010F846 /* CloseRoad.swift */; };
		B53D66502A029A270010F846 /* CloseRoadsViewModel.swift in Sources */ = {isa = PBXBuildFile; fileRef = B53D664F2A029A270010F846 /* CloseRoadsViewModel.swift */; };
		B53D66542A02C6F90010F846 /* MKCloseRoadAnnotation.swift in Sources */ = {isa = PBXBuildFile; fileRef = B53D66532A02C6F90010F846 /* MKCloseRoadAnnotation.swift */; };
		B53D66562A02CF690010F846 /* Cluster+StaticStyle.swift in Sources */ = {isa = PBXBuildFile; fileRef = B53D66552A02CF690010F846 /* Cluster+StaticStyle.swift */; };
		B53D665A2A061B7A0010F846 /* YandexMK+AddAnnotations.swift in Sources */ = {isa = PBXBuildFile; fileRef = B53D66592A061B7A0010F846 /* YandexMK+AddAnnotations.swift */; };
		B53D665C2A06211A0010F846 /* CommunalServiceCallout.swift in Sources */ = {isa = PBXBuildFile; fileRef = B53D665B2A06211A0010F846 /* CommunalServiceCallout.swift */; };
		B53D665E2A06225B0010F846 /* CloseRoadCallout.swift in Sources */ = {isa = PBXBuildFile; fileRef = B53D665D2A06225B0010F846 /* CloseRoadCallout.swift */; };
		B566647C29A8A36A00D4D5D8 /* RegistySearchResultViewController.swift in Sources */ = {isa = PBXBuildFile; fileRef = B566647B29A8A36A00D4D5D8 /* RegistySearchResultViewController.swift */; };
		B571088229A0E9C4003698C8 /* CommunalServicesView.swift in Sources */ = {isa = PBXBuildFile; fileRef = B571088129A0E9C4003698C8 /* CommunalServicesView.swift */; };
		B571088429A0EC3F003698C8 /* ServiceInfoView.swift in Sources */ = {isa = PBXBuildFile; fileRef = B571088329A0EC3F003698C8 /* ServiceInfoView.swift */; };
		B571088829A215D3003698C8 /* MainMenuViewController.swift in Sources */ = {isa = PBXBuildFile; fileRef = B571088729A215D3003698C8 /* MainMenuViewController.swift */; };
		B571088D29A216F6003698C8 /* UIButton+Blur.swift in Sources */ = {isa = PBXBuildFile; fileRef = B571088C29A216F6003698C8 /* UIButton+Blur.swift */; };
		B571089929A374BD003698C8 /* YandexMK+Utilities.swift in Sources */ = {isa = PBXBuildFile; fileRef = B571089829A374BD003698C8 /* YandexMK+Utilities.swift */; };
		B571089D29A4DD86003698C8 /* MenuCollectionViewCell.swift in Sources */ = {isa = PBXBuildFile; fileRef = B571089C29A4DD86003698C8 /* MenuCollectionViewCell.swift */; };
		B571089F29A519B6003698C8 /* CreateSectionForMainMenu.swift in Sources */ = {isa = PBXBuildFile; fileRef = B571089E29A519B6003698C8 /* CreateSectionForMainMenu.swift */; };
		B57108A229A51AA1003698C8 /* MenuHeaderCollectionReusableView.swift in Sources */ = {isa = PBXBuildFile; fileRef = B57108A129A51AA1003698C8 /* MenuHeaderCollectionReusableView.swift */; };
		B57108A429A63FF4003698C8 /* RegistryView.swift in Sources */ = {isa = PBXBuildFile; fileRef = B57108A329A63FF4003698C8 /* RegistryView.swift */; };
		B57108A729A6415E003698C8 /* RegistryCardTableViewCell.swift in Sources */ = {isa = PBXBuildFile; fileRef = B57108A629A6415E003698C8 /* RegistryCardTableViewCell.swift */; };
		B5B06B5F29FE96A900614772 /* UIView+GradientBorder.swift in Sources */ = {isa = PBXBuildFile; fileRef = B5B06B5E29FE96A900614772 /* UIView+GradientBorder.swift */; };
		B5B06B642A000E0D00614772 /* SHA256Encrypt.swift in Sources */ = {isa = PBXBuildFile; fileRef = B5B06B632A000E0D00614772 /* SHA256Encrypt.swift */; };
		B5EF44E22A0FDA6500AFAFEF /* DigWorkFilterBottomSheet.swift in Sources */ = {isa = PBXBuildFile; fileRef = B5EF44E12A0FDA6500AFAFEF /* DigWorkFilterBottomSheet.swift */; };
		B5EF44E42A10DD3600AFAFEF /* FilterView.swift in Sources */ = {isa = PBXBuildFile; fileRef = B5EF44E32A10DD3600AFAFEF /* FilterView.swift */; };
		B5EF44E82A10DE5B00AFAFEF /* Strings.swift in Sources */ = {isa = PBXBuildFile; fileRef = B5EF44E72A10DE5B00AFAFEF /* Strings.swift */; };
		B5EF44EE2A10E42D00AFAFEF /* BikePathsViewController.swift in Sources */ = {isa = PBXBuildFile; fileRef = B5EF44ED2A10E42D00AFAFEF /* BikePathsViewController.swift */; };
		B5EF44F12A10E44D00AFAFEF /* BikePathsViewModel.swift in Sources */ = {isa = PBXBuildFile; fileRef = B5EF44F02A10E44D00AFAFEF /* BikePathsViewModel.swift */; };
		B5EF44F42A10E45800AFAFEF /* BikePaths.swift in Sources */ = {isa = PBXBuildFile; fileRef = B5EF44F32A10E45800AFAFEF /* BikePaths.swift */; };
		B5EF44F72A110D0C00AFAFEF /* bikePathMock.json in Resources */ = {isa = PBXBuildFile; fileRef = B5EF44F62A110D0C00AFAFEF /* bikePathMock.json */; };
		B5EF44FB2A11273B00AFAFEF /* BikePathsInfoItemView.swift in Sources */ = {isa = PBXBuildFile; fileRef = B5EF44FA2A11273B00AFAFEF /* BikePathsInfoItemView.swift */; };
		B5EF44FD2A11288000AFAFEF /* BikePathInfoBottomSheet.swift in Sources */ = {isa = PBXBuildFile; fileRef = B5EF44FC2A11288000AFAFEF /* BikePathInfoBottomSheet.swift */; };
		B5EF44FF2A112A0100AFAFEF /* BikePathInfoLegend.swift in Sources */ = {isa = PBXBuildFile; fileRef = B5EF44FE2A112A0100AFAFEF /* BikePathInfoLegend.swift */; };
		B5EF45012A112A8800AFAFEF /* bikePathInfoLegend.json in Resources */ = {isa = PBXBuildFile; fileRef = B5EF45002A112A8800AFAFEF /* bikePathInfoLegend.json */; };
		B5EF45042A112BC100AFAFEF /* SDWebImage in Frameworks */ = {isa = PBXBuildFile; productRef = B5EF45032A112BC100AFAFEF /* SDWebImage */; };
		B5EF45072A11328000AFAFEF /* SDWebImageSVGCoder in Frameworks */ = {isa = PBXBuildFile; productRef = B5EF45062A11328000AFAFEF /* SDWebImageSVGCoder */; };
		B5F7A86F299D33060001ED69 /* AppDelegate.swift in Sources */ = {isa = PBXBuildFile; fileRef = B5F7A86E299D33060001ED69 /* AppDelegate.swift */; };
		B5F7A871299D33060001ED69 /* SceneDelegate.swift in Sources */ = {isa = PBXBuildFile; fileRef = B5F7A870299D33060001ED69 /* SceneDelegate.swift */; };
		B5F7A873299D33060001ED69 /* CommunalServicesViewController.swift in Sources */ = {isa = PBXBuildFile; fileRef = B5F7A872299D33060001ED69 /* CommunalServicesViewController.swift */; };
		B5F7A878299D33070001ED69 /* Assets.xcassets in Resources */ = {isa = PBXBuildFile; fileRef = B5F7A877299D33070001ED69 /* Assets.xcassets */; };
		B5F7A87B299D33070001ED69 /* LaunchScreen.storyboard in Resources */ = {isa = PBXBuildFile; fileRef = B5F7A879299D33070001ED69 /* LaunchScreen.storyboard */; };
		B5F7A886299DFFB50001ED69 /* APIManager.swift in Sources */ = {isa = PBXBuildFile; fileRef = B5F7A885299DFFB50001ED69 /* APIManager.swift */; };
		B5F7A888299DFFC10001ED69 /* APIEndpoint.swift in Sources */ = {isa = PBXBuildFile; fileRef = B5F7A887299DFFC10001ED69 /* APIEndpoint.swift */; };
		B5F7A88A299E02620001ED69 /* CommunalServices.swift in Sources */ = {isa = PBXBuildFile; fileRef = B5F7A889299E02620001ED69 /* CommunalServices.swift */; };
		B5F7A88D299E04E60001ED69 /* MKItemAnnotation.swift in Sources */ = {isa = PBXBuildFile; fileRef = B5F7A88C299E04E60001ED69 /* MKItemAnnotation.swift */; };
		B5F7A88F299E10D10001ED69 /* CommunalServiceFormatted.swift in Sources */ = {isa = PBXBuildFile; fileRef = B5F7A88E299E10D10001ED69 /* CommunalServiceFormatted.swift */; };
		B5F7A897299E44180001ED69 /* CommunalServicesViewModel.swift in Sources */ = {isa = PBXBuildFile; fileRef = B5F7A896299E44180001ED69 /* CommunalServicesViewModel.swift */; };
/* End PBXBuildFile section */

/* Begin PBXFileReference section */
		7A77344C4C7C47ED6692D1C9 /* Pods-TumenCity.debug.xcconfig */ = {isa = PBXFileReference; includeInIndex = 1; lastKnownFileType = text.xcconfig; name = "Pods-TumenCity.debug.xcconfig"; path = "Target Support Files/Pods-TumenCity/Pods-TumenCity.debug.xcconfig"; sourceTree = "<group>"; };
		95D7D91F1F0CD00991DC2652 /* Pods-TumenCity.release.xcconfig */ = {isa = PBXFileReference; includeInIndex = 1; lastKnownFileType = text.xcconfig; name = "Pods-TumenCity.release.xcconfig"; path = "Target Support Files/Pods-TumenCity/Pods-TumenCity.release.xcconfig"; sourceTree = "<group>"; };
		B51698A229F55DB80094E3B0 /* Callout.swift */ = {isa = PBXFileReference; lastKnownFileType = sourcecode.swift; path = Callout.swift; sourceTree = "<group>"; };
		B528962D2A0633FE006A85D9 /* SportViewController.swift */ = {isa = PBXFileReference; lastKnownFileType = sourcecode.swift; path = SportViewController.swift; sourceTree = "<group>"; };
		B52896302A063447006A85D9 /* Sport.swift */ = {isa = PBXFileReference; lastKnownFileType = sourcecode.swift; path = Sport.swift; sourceTree = "<group>"; };
		B52896342A063FCD006A85D9 /* SportViewModel.swift */ = {isa = PBXFileReference; lastKnownFileType = sourcecode.swift; path = SportViewModel.swift; sourceTree = "<group>"; };
		B52896372A064145006A85D9 /* MKSportAnnotation.swift */ = {isa = PBXFileReference; lastKnownFileType = sourcecode.swift; path = MKSportAnnotation.swift; sourceTree = "<group>"; };
		B528963A2A06B359006A85D9 /* SportCallout.swift */ = {isa = PBXFileReference; lastKnownFileType = sourcecode.swift; path = SportCallout.swift; sourceTree = "<group>"; };
		B528963F2A078AAC006A85D9 /* sportMock.json */ = {isa = PBXFileReference; lastKnownFileType = text.json; path = sportMock.json; sourceTree = "<group>"; };
		B52896412A07B34C006A85D9 /* SportContactView.swift */ = {isa = PBXFileReference; lastKnownFileType = sourcecode.swift; path = SportContactView.swift; sourceTree = "<group>"; };
		B52896442A07BB3D006A85D9 /* SportLabelView.swift */ = {isa = PBXFileReference; lastKnownFileType = sourcecode.swift; path = SportLabelView.swift; sourceTree = "<group>"; };
		B52896482A091005006A85D9 /* UIViewControllerMapSegmented.swift */ = {isa = PBXFileReference; lastKnownFileType = sourcecode.swift; path = UIViewControllerMapSegmented.swift; sourceTree = "<group>"; };
		B528964B2A0912D3006A85D9 /* SportViewMap.swift */ = {isa = PBXFileReference; lastKnownFileType = sourcecode.swift; path = SportViewMap.swift; sourceTree = "<group>"; };
		B528964E2A091440006A85D9 /* SportRegistrySearchViewController.swift */ = {isa = PBXFileReference; lastKnownFileType = sourcecode.swift; path = SportRegistrySearchViewController.swift; sourceTree = "<group>"; };
		B52896512A091464006A85D9 /* SportRegistryView.swift */ = {isa = PBXFileReference; lastKnownFileType = sourcecode.swift; path = SportRegistryView.swift; sourceTree = "<group>"; };
		B52896532A091726006A85D9 /* SportRegistryTableViewCell.swift */ = {isa = PBXFileReference; lastKnownFileType = sourcecode.swift; path = SportRegistryTableViewCell.swift; sourceTree = "<group>"; };
		B52896552A0A1CF2006A85D9 /* DigWorkViewController.swift */ = {isa = PBXFileReference; lastKnownFileType = sourcecode.swift; path = DigWorkViewController.swift; sourceTree = "<group>"; };
		B52896592A0A1D12006A85D9 /* DigWorkViewModel.swift */ = {isa = PBXFileReference; lastKnownFileType = sourcecode.swift; path = DigWorkViewModel.swift; sourceTree = "<group>"; };
		B528965C2A0A1E82006A85D9 /* DigWork.swift */ = {isa = PBXFileReference; lastKnownFileType = sourcecode.swift; path = DigWork.swift; sourceTree = "<group>"; };
		B528965F2A0A1F0C006A85D9 /* digWorkMock.json */ = {isa = PBXFileReference; lastKnownFileType = text.json; path = digWorkMock.json; sourceTree = "<group>"; };
		B52896612A0A2067006A85D9 /* MKDigWorkAnnotation.swift */ = {isa = PBXFileReference; lastKnownFileType = sourcecode.swift; path = MKDigWorkAnnotation.swift; sourceTree = "<group>"; };
		B52896632A0A24A5006A85D9 /* DigWorkCallout.swift */ = {isa = PBXFileReference; lastKnownFileType = sourcecode.swift; path = DigWorkCallout.swift; sourceTree = "<group>"; };
		B52896652A0F8343006A85D9 /* CustomBottomSheet.swift */ = {isa = PBXFileReference; lastKnownFileType = sourcecode.swift; path = CustomBottomSheet.swift; sourceTree = "<group>"; };
		B52896682A0F93EC006A85D9 /* DigWorkBottomSheet.swift */ = {isa = PBXFileReference; lastKnownFileType = sourcecode.swift; path = DigWorkBottomSheet.swift; sourceTree = "<group>"; };
		B53A680229F54564005DE734 /* Cluster+PieChart.swift */ = {isa = PBXFileReference; lastKnownFileType = sourcecode.swift; path = "Cluster+PieChart.swift"; sourceTree = "<group>"; };
		B53D66482A028E4F0010F846 /* CloseRoadsViewController.swift */ = {isa = PBXFileReference; lastKnownFileType = sourcecode.swift; path = CloseRoadsViewController.swift; sourceTree = "<group>"; };
		B53D664B2A0293430010F846 /* CloseRoad.swift */ = {isa = PBXFileReference; lastKnownFileType = sourcecode.swift; path = CloseRoad.swift; sourceTree = "<group>"; };
		B53D664F2A029A270010F846 /* CloseRoadsViewModel.swift */ = {isa = PBXFileReference; lastKnownFileType = sourcecode.swift; path = CloseRoadsViewModel.swift; sourceTree = "<group>"; };
		B53D66532A02C6F90010F846 /* MKCloseRoadAnnotation.swift */ = {isa = PBXFileReference; lastKnownFileType = sourcecode.swift; path = MKCloseRoadAnnotation.swift; sourceTree = "<group>"; };
		B53D66552A02CF690010F846 /* Cluster+StaticStyle.swift */ = {isa = PBXFileReference; lastKnownFileType = sourcecode.swift; path = "Cluster+StaticStyle.swift"; sourceTree = "<group>"; };
		B53D66592A061B7A0010F846 /* YandexMK+AddAnnotations.swift */ = {isa = PBXFileReference; lastKnownFileType = sourcecode.swift; path = "YandexMK+AddAnnotations.swift"; sourceTree = "<group>"; };
		B53D665B2A06211A0010F846 /* CommunalServiceCallout.swift */ = {isa = PBXFileReference; lastKnownFileType = sourcecode.swift; path = CommunalServiceCallout.swift; sourceTree = "<group>"; };
		B53D665D2A06225B0010F846 /* CloseRoadCallout.swift */ = {isa = PBXFileReference; lastKnownFileType = sourcecode.swift; path = CloseRoadCallout.swift; sourceTree = "<group>"; };
		B566647B29A8A36A00D4D5D8 /* RegistySearchResultViewController.swift */ = {isa = PBXFileReference; lastKnownFileType = sourcecode.swift; path = RegistySearchResultViewController.swift; sourceTree = "<group>"; };
		B571088129A0E9C4003698C8 /* CommunalServicesView.swift */ = {isa = PBXFileReference; lastKnownFileType = sourcecode.swift; path = CommunalServicesView.swift; sourceTree = "<group>"; };
		B571088329A0EC3F003698C8 /* ServiceInfoView.swift */ = {isa = PBXFileReference; lastKnownFileType = sourcecode.swift; path = ServiceInfoView.swift; sourceTree = "<group>"; };
		B571088729A215D3003698C8 /* MainMenuViewController.swift */ = {isa = PBXFileReference; lastKnownFileType = sourcecode.swift; path = MainMenuViewController.swift; sourceTree = "<group>"; };
		B571088C29A216F6003698C8 /* UIButton+Blur.swift */ = {isa = PBXFileReference; lastKnownFileType = sourcecode.swift; path = "UIButton+Blur.swift"; sourceTree = "<group>"; };
		B571089829A374BD003698C8 /* YandexMK+Utilities.swift */ = {isa = PBXFileReference; lastKnownFileType = sourcecode.swift; path = "YandexMK+Utilities.swift"; sourceTree = "<group>"; };
		B571089C29A4DD86003698C8 /* MenuCollectionViewCell.swift */ = {isa = PBXFileReference; lastKnownFileType = sourcecode.swift; path = MenuCollectionViewCell.swift; sourceTree = "<group>"; };
		B571089E29A519B6003698C8 /* CreateSectionForMainMenu.swift */ = {isa = PBXFileReference; lastKnownFileType = sourcecode.swift; path = CreateSectionForMainMenu.swift; sourceTree = "<group>"; };
		B57108A129A51AA1003698C8 /* MenuHeaderCollectionReusableView.swift */ = {isa = PBXFileReference; lastKnownFileType = sourcecode.swift; path = MenuHeaderCollectionReusableView.swift; sourceTree = "<group>"; };
		B57108A329A63FF4003698C8 /* RegistryView.swift */ = {isa = PBXFileReference; lastKnownFileType = sourcecode.swift; path = RegistryView.swift; sourceTree = "<group>"; };
		B57108A629A6415E003698C8 /* RegistryCardTableViewCell.swift */ = {isa = PBXFileReference; lastKnownFileType = sourcecode.swift; path = RegistryCardTableViewCell.swift; sourceTree = "<group>"; };
		B5B06B5E29FE96A900614772 /* UIView+GradientBorder.swift */ = {isa = PBXFileReference; lastKnownFileType = sourcecode.swift; path = "UIView+GradientBorder.swift"; sourceTree = "<group>"; };
		B5B06B632A000E0D00614772 /* SHA256Encrypt.swift */ = {isa = PBXFileReference; lastKnownFileType = sourcecode.swift; path = SHA256Encrypt.swift; sourceTree = "<group>"; };
		B5EF44E12A0FDA6500AFAFEF /* DigWorkFilterBottomSheet.swift */ = {isa = PBXFileReference; lastKnownFileType = sourcecode.swift; path = DigWorkFilterBottomSheet.swift; sourceTree = "<group>"; };
		B5EF44E32A10DD3600AFAFEF /* FilterView.swift */ = {isa = PBXFileReference; lastKnownFileType = sourcecode.swift; path = FilterView.swift; sourceTree = "<group>"; };
		B5EF44E72A10DE5B00AFAFEF /* Strings.swift */ = {isa = PBXFileReference; lastKnownFileType = sourcecode.swift; path = Strings.swift; sourceTree = "<group>"; };
		B5EF44ED2A10E42D00AFAFEF /* BikePathsViewController.swift */ = {isa = PBXFileReference; lastKnownFileType = sourcecode.swift; path = BikePathsViewController.swift; sourceTree = "<group>"; };
		B5EF44F02A10E44D00AFAFEF /* BikePathsViewModel.swift */ = {isa = PBXFileReference; lastKnownFileType = sourcecode.swift; path = BikePathsViewModel.swift; sourceTree = "<group>"; };
		B5EF44F32A10E45800AFAFEF /* BikePaths.swift */ = {isa = PBXFileReference; lastKnownFileType = sourcecode.swift; path = BikePaths.swift; sourceTree = "<group>"; };
		B5EF44F62A110D0C00AFAFEF /* bikePathMock.json */ = {isa = PBXFileReference; lastKnownFileType = text.json; path = bikePathMock.json; sourceTree = "<group>"; };
		B5EF44FA2A11273B00AFAFEF /* BikePathsInfoItemView.swift */ = {isa = PBXFileReference; lastKnownFileType = sourcecode.swift; path = BikePathsInfoItemView.swift; sourceTree = "<group>"; };
		B5EF44FC2A11288000AFAFEF /* BikePathInfoBottomSheet.swift */ = {isa = PBXFileReference; lastKnownFileType = sourcecode.swift; path = BikePathInfoBottomSheet.swift; sourceTree = "<group>"; };
		B5EF44FE2A112A0100AFAFEF /* BikePathInfoLegend.swift */ = {isa = PBXFileReference; lastKnownFileType = sourcecode.swift; path = BikePathInfoLegend.swift; sourceTree = "<group>"; };
		B5EF45002A112A8800AFAFEF /* bikePathInfoLegend.json */ = {isa = PBXFileReference; lastKnownFileType = text.json; path = bikePathInfoLegend.json; sourceTree = "<group>"; };
		B5F7A86B299D33060001ED69 /* TumenCity.app */ = {isa = PBXFileReference; explicitFileType = wrapper.application; includeInIndex = 0; path = TumenCity.app; sourceTree = BUILT_PRODUCTS_DIR; };
		B5F7A86E299D33060001ED69 /* AppDelegate.swift */ = {isa = PBXFileReference; lastKnownFileType = sourcecode.swift; path = AppDelegate.swift; sourceTree = "<group>"; };
		B5F7A870299D33060001ED69 /* SceneDelegate.swift */ = {isa = PBXFileReference; lastKnownFileType = sourcecode.swift; path = SceneDelegate.swift; sourceTree = "<group>"; };
		B5F7A872299D33060001ED69 /* CommunalServicesViewController.swift */ = {isa = PBXFileReference; lastKnownFileType = sourcecode.swift; path = CommunalServicesViewController.swift; sourceTree = "<group>"; };
		B5F7A877299D33070001ED69 /* Assets.xcassets */ = {isa = PBXFileReference; lastKnownFileType = folder.assetcatalog; path = Assets.xcassets; sourceTree = "<group>"; };
		B5F7A87A299D33070001ED69 /* Base */ = {isa = PBXFileReference; lastKnownFileType = file.storyboard; name = Base; path = Base.lproj/LaunchScreen.storyboard; sourceTree = "<group>"; };
		B5F7A87C299D33070001ED69 /* Info.plist */ = {isa = PBXFileReference; lastKnownFileType = text.plist.xml; path = Info.plist; sourceTree = "<group>"; };
		B5F7A885299DFFB50001ED69 /* APIManager.swift */ = {isa = PBXFileReference; lastKnownFileType = sourcecode.swift; path = APIManager.swift; sourceTree = "<group>"; };
		B5F7A887299DFFC10001ED69 /* APIEndpoint.swift */ = {isa = PBXFileReference; lastKnownFileType = sourcecode.swift; path = APIEndpoint.swift; sourceTree = "<group>"; };
		B5F7A889299E02620001ED69 /* CommunalServices.swift */ = {isa = PBXFileReference; lastKnownFileType = sourcecode.swift; path = CommunalServices.swift; sourceTree = "<group>"; };
		B5F7A88C299E04E60001ED69 /* MKItemAnnotation.swift */ = {isa = PBXFileReference; lastKnownFileType = sourcecode.swift; path = MKItemAnnotation.swift; sourceTree = "<group>"; };
		B5F7A88E299E10D10001ED69 /* CommunalServiceFormatted.swift */ = {isa = PBXFileReference; lastKnownFileType = sourcecode.swift; path = CommunalServiceFormatted.swift; sourceTree = "<group>"; };
		B5F7A896299E44180001ED69 /* CommunalServicesViewModel.swift */ = {isa = PBXFileReference; lastKnownFileType = sourcecode.swift; path = CommunalServicesViewModel.swift; sourceTree = "<group>"; };
		BA9CE4E3546632B74B273CF4 /* Pods_TumenCity.framework */ = {isa = PBXFileReference; explicitFileType = wrapper.framework; includeInIndex = 0; path = Pods_TumenCity.framework; sourceTree = BUILT_PRODUCTS_DIR; };
/* End PBXFileReference section */

/* Begin PBXFrameworksBuildPhase section */
		B5F7A868299D33060001ED69 /* Frameworks */ = {
			isa = PBXFrameworksBuildPhase;
			buildActionMask = 2147483647;
			files = (
				B5EF45042A112BC100AFAFEF /* SDWebImage in Frameworks */,
				9FB2286DDA6BA63DAE338CE0 /* Pods_TumenCity.framework in Frameworks */,
				B528963E2A077D68006A85D9 /* SnapKit in Frameworks */,
				B5EF45072A11328000AFAFEF /* SDWebImageSVGCoder in Frameworks */,
			);
			runOnlyForDeploymentPostprocessing = 0;
		};
/* End PBXFrameworksBuildPhase section */

/* Begin PBXGroup section */
		0A83802B707C7346E4762647 /* Frameworks */ = {
			isa = PBXGroup;
			children = (
				BA9CE4E3546632B74B273CF4 /* Pods_TumenCity.framework */,
			);
			name = Frameworks;
			sourceTree = "<group>";
		};
		B528962F2A06342D006A85D9 /* SportModule */ = {
			isa = PBXGroup;
			children = (
				B52896322A063449006A85D9 /* Model */,
				B52896332A063481006A85D9 /* Controller */,
				B528964D2A0912D7006A85D9 /* View */,
				B52896502A091442006A85D9 /* SportRegistry */,
				B52896362A063FCF006A85D9 /* ViewModel */,
			);
			path = SportModule;
			sourceTree = "<group>";
		};
		B52896322A063449006A85D9 /* Model */ = {
			isa = PBXGroup;
			children = (
				B52896372A064145006A85D9 /* MKSportAnnotation.swift */,
				B52896302A063447006A85D9 /* Sport.swift */,
			);
			path = Model;
			sourceTree = "<group>";
		};
		B52896332A063481006A85D9 /* Controller */ = {
			isa = PBXGroup;
			children = (
				B528962D2A0633FE006A85D9 /* SportViewController.swift */,
			);
			path = Controller;
			sourceTree = "<group>";
		};
		B52896362A063FCF006A85D9 /* ViewModel */ = {
			isa = PBXGroup;
			children = (
				B52896342A063FCD006A85D9 /* SportViewModel.swift */,
			);
			path = ViewModel;
			sourceTree = "<group>";
		};
		B52896432A07BB25006A85D9 /* SportModule */ = {
			isa = PBXGroup;
			children = (
				B52896412A07B34C006A85D9 /* SportContactView.swift */,
				B52896442A07BB3D006A85D9 /* SportLabelView.swift */,
			);
			path = SportModule;
			sourceTree = "<group>";
		};
		B528964A2A09101B006A85D9 /* Subclass */ = {
			isa = PBXGroup;
			children = (
				B52896482A091005006A85D9 /* UIViewControllerMapSegmented.swift */,
				B52896652A0F8343006A85D9 /* CustomBottomSheet.swift */,
				B5EF44E32A10DD3600AFAFEF /* FilterView.swift */,
			);
			path = Subclass;
			sourceTree = "<group>";
		};
		B528964D2A0912D7006A85D9 /* View */ = {
			isa = PBXGroup;
			children = (
				B528964B2A0912D3006A85D9 /* SportViewMap.swift */,
			);
			path = View;
			sourceTree = "<group>";
		};
		B52896502A091442006A85D9 /* SportRegistry */ = {
			isa = PBXGroup;
			children = (
				B52896512A091464006A85D9 /* SportRegistryView.swift */,
				B528964E2A091440006A85D9 /* SportRegistrySearchViewController.swift */,
				B52896532A091726006A85D9 /* SportRegistryTableViewCell.swift */,
			);
			path = SportRegistry;
			sourceTree = "<group>";
		};
		B52896572A0A1CF5006A85D9 /* DigWorkModule */ = {
			isa = PBXGroup;
			children = (
				B528965E2A0A1E85006A85D9 /* Model */,
				B52896582A0A1D01006A85D9 /* Controller */,
				B528965B2A0A1D15006A85D9 /* ViewModel */,
			);
			path = DigWorkModule;
			sourceTree = "<group>";
		};
		B52896582A0A1D01006A85D9 /* Controller */ = {
			isa = PBXGroup;
			children = (
				B52896552A0A1CF2006A85D9 /* DigWorkViewController.swift */,
			);
			path = Controller;
			sourceTree = "<group>";
		};
		B528965B2A0A1D15006A85D9 /* ViewModel */ = {
			isa = PBXGroup;
			children = (
				B52896592A0A1D12006A85D9 /* DigWorkViewModel.swift */,
			);
			path = ViewModel;
			sourceTree = "<group>";
		};
		B528965E2A0A1E85006A85D9 /* Model */ = {
			isa = PBXGroup;
			children = (
				B52896612A0A2067006A85D9 /* MKDigWorkAnnotation.swift */,
				B528965C2A0A1E82006A85D9 /* DigWork.swift */,
			);
			path = Model;
			sourceTree = "<group>";
		};
		B52896672A0F93B5006A85D9 /* Modal */ = {
			isa = PBXGroup;
			children = (
				B52896682A0F93EC006A85D9 /* DigWorkBottomSheet.swift */,
				B5EF44E12A0FDA6500AFAFEF /* DigWorkFilterBottomSheet.swift */,
				B5EF44FC2A11288000AFAFEF /* BikePathInfoBottomSheet.swift */,
			);
			path = Modal;
			sourceTree = "<group>";
		};
		B53D664A2A028E520010F846 /* CloseRoadsModule */ = {
			isa = PBXGroup;
			children = (
				B53D664D2A0293470010F846 /* Model */,
				B53D66512A029A2B0010F846 /* Controller */,
				B53D66522A029A330010F846 /* ViewModel */,
			);
			path = CloseRoadsModule;
			sourceTree = "<group>";
		};
		B53D664D2A0293470010F846 /* Model */ = {
			isa = PBXGroup;
			children = (
				B53D66532A02C6F90010F846 /* MKCloseRoadAnnotation.swift */,
				B53D664B2A0293430010F846 /* CloseRoad.swift */,
			);
			path = Model;
			sourceTree = "<group>";
		};
		B53D66512A029A2B0010F846 /* Controller */ = {
			isa = PBXGroup;
			children = (
				B53D66482A028E4F0010F846 /* CloseRoadsViewController.swift */,
			);
			path = Controller;
			sourceTree = "<group>";
		};
		B53D66522A029A330010F846 /* ViewModel */ = {
			isa = PBXGroup;
			children = (
				B53D664F2A029A270010F846 /* CloseRoadsViewModel.swift */,
			);
			path = ViewModel;
			sourceTree = "<group>";
		};
		B53D66572A061B4B0010F846 /* Map */ = {
			isa = PBXGroup;
			children = (
				B571089829A374BD003698C8 /* YandexMK+Utilities.swift */,
				B53D66592A061B7A0010F846 /* YandexMK+AddAnnotations.swift */,
			);
			path = Map;
			sourceTree = "<group>";
		};
		B53D66582A061B4F0010F846 /* Cluster */ = {
			isa = PBXGroup;
			children = (
				B53A680229F54564005DE734 /* Cluster+PieChart.swift */,
				B53D66552A02CF690010F846 /* Cluster+StaticStyle.swift */,
			);
			path = Cluster;
			sourceTree = "<group>";
		};
		B53D665F2A06286D0010F846 /* Callout */ = {
			isa = PBXGroup;
			children = (
				B51698A229F55DB80094E3B0 /* Callout.swift */,
				B53D665B2A06211A0010F846 /* CommunalServiceCallout.swift */,
				B53D665D2A06225B0010F846 /* CloseRoadCallout.swift */,
				B528963A2A06B359006A85D9 /* SportCallout.swift */,
				B52896632A0A24A5006A85D9 /* DigWorkCallout.swift */,
			);
			path = Callout;
			sourceTree = "<group>";
		};
		B571088529A0F1FB003698C8 /* View */ = {
			isa = PBXGroup;
			children = (
				B5EF44FA2A11273B00AFAFEF /* BikePathsInfoItemView.swift */,
				B571088329A0EC3F003698C8 /* ServiceInfoView.swift */,
				B52896672A0F93B5006A85D9 /* Modal */,
				B52896432A07BB25006A85D9 /* SportModule */,
				B53D665F2A06286D0010F846 /* Callout */,
			);
			path = View;
			sourceTree = "<group>";
		};
		B571088629A215C0003698C8 /* CommunalServicesModule */ = {
			isa = PBXGroup;
			children = (
				B5F7A88B299E02650001ED69 /* Model */,
				B5B06B6029FE9D4A00614772 /* Controller */,
				B5B06B6129FE9D5100614772 /* View */,
				B5B06B6229FE9D5400614772 /* ViewModel */,
				B57108A529A63FFB003698C8 /* CommunalServicesRegistry */,
			);
			path = CommunalServicesModule;
			sourceTree = "<group>";
		};
		B571088929A215D6003698C8 /* MainMenu */ = {
			isa = PBXGroup;
			children = (
				B571088729A215D3003698C8 /* MainMenuViewController.swift */,
				B57108A029A51A68003698C8 /* Cell */,
			);
			path = MainMenu;
			sourceTree = "<group>";
		};
		B571088E29A216F8003698C8 /* Extension */ = {
			isa = PBXGroup;
			children = (
				B571088C29A216F6003698C8 /* UIButton+Blur.swift */,
				B5B06B5E29FE96A900614772 /* UIView+GradientBorder.swift */,
				B571089E29A519B6003698C8 /* CreateSectionForMainMenu.swift */,
				B53D66572A061B4B0010F846 /* Map */,
				B53D66582A061B4F0010F846 /* Cluster */,
			);
			path = Extension;
			sourceTree = "<group>";
		};
		B57108A029A51A68003698C8 /* Cell */ = {
			isa = PBXGroup;
			children = (
				B571089C29A4DD86003698C8 /* MenuCollectionViewCell.swift */,
				B57108A129A51AA1003698C8 /* MenuHeaderCollectionReusableView.swift */,
			);
			path = Cell;
			sourceTree = "<group>";
		};
		B57108A529A63FFB003698C8 /* CommunalServicesRegistry */ = {
			isa = PBXGroup;
			children = (
				B57108A329A63FF4003698C8 /* RegistryView.swift */,
				B566647B29A8A36A00D4D5D8 /* RegistySearchResultViewController.swift */,
				B57108A629A6415E003698C8 /* RegistryCardTableViewCell.swift */,
			);
			path = CommunalServicesRegistry;
			sourceTree = "<group>";
		};
		B5B06B6029FE9D4A00614772 /* Controller */ = {
			isa = PBXGroup;
			children = (
				B5F7A872299D33060001ED69 /* CommunalServicesViewController.swift */,
			);
			path = Controller;
			sourceTree = "<group>";
		};
		B5B06B6129FE9D5100614772 /* View */ = {
			isa = PBXGroup;
			children = (
				B571088129A0E9C4003698C8 /* CommunalServicesView.swift */,
			);
			path = View;
			sourceTree = "<group>";
		};
		B5B06B6229FE9D5400614772 /* ViewModel */ = {
			isa = PBXGroup;
			children = (
				B5F7A896299E44180001ED69 /* CommunalServicesViewModel.swift */,
			);
			path = ViewModel;
			sourceTree = "<group>";
		};
		B5B06B652A000E0F00614772 /* Helper */ = {
			isa = PBXGroup;
			children = (
				B5B06B632A000E0D00614772 /* SHA256Encrypt.swift */,
			);
			path = Helper;
			sourceTree = "<group>";
		};
		B5EF44EC2A10E41200AFAFEF /* BikePathsModule */ = {
			isa = PBXGroup;
			children = (
				B5EF44F52A10E45A00AFAFEF /* Model */,
				B5EF44EF2A10E44100AFAFEF /* Controller */,
				B5EF44F22A10E45000AFAFEF /* ViewModel */,
			);
			path = BikePathsModule;
			sourceTree = "<group>";
		};
		B5EF44EF2A10E44100AFAFEF /* Controller */ = {
			isa = PBXGroup;
			children = (
				B5EF44ED2A10E42D00AFAFEF /* BikePathsViewController.swift */,
			);
			path = Controller;
			sourceTree = "<group>";
		};
		B5EF44F22A10E45000AFAFEF /* ViewModel */ = {
			isa = PBXGroup;
			children = (
				B5EF44F02A10E44D00AFAFEF /* BikePathsViewModel.swift */,
			);
			path = ViewModel;
			sourceTree = "<group>";
		};
		B5EF44F52A10E45A00AFAFEF /* Model */ = {
			isa = PBXGroup;
			children = (
				B5EF44F32A10E45800AFAFEF /* BikePaths.swift */,
				B5EF44FE2A112A0100AFAFEF /* BikePathInfoLegend.swift */,
			);
			path = Model;
			sourceTree = "<group>";
		};
		B5F7A862299D33060001ED69 = {
			isa = PBXGroup;
			children = (
				B5F7A86D299D33060001ED69 /* TumenCity */,
				B5F7A86C299D33060001ED69 /* Products */,
				E65ECA55415E63BD3EE6801A /* Pods */,
				0A83802B707C7346E4762647 /* Frameworks */,
			);
			sourceTree = "<group>";
		};
		B5F7A86C299D33060001ED69 /* Products */ = {
			isa = PBXGroup;
			children = (
				B5F7A86B299D33060001ED69 /* TumenCity.app */,
			);
			name = Products;
			sourceTree = "<group>";
		};
		B5F7A86D299D33060001ED69 /* TumenCity */ = {
			isa = PBXGroup;
			children = (
				B5F7A882299DFD340001ED69 /* App */,
				B5F7A890299E149C0001ED69 /* API */,
				B5B06B652A000E0F00614772 /* Helper */,
				B571088E29A216F8003698C8 /* Extension */,
				B528964A2A09101B006A85D9 /* Subclass */,
				B571088529A0F1FB003698C8 /* View */,
				B5F7A884299DFD3E0001ED69 /* Main */,
				B5F7A883299DFD380001ED69 /* Resources */,
			);
			path = TumenCity;
			sourceTree = "<group>";
		};
		B5F7A882299DFD340001ED69 /* App */ = {
			isa = PBXGroup;
			children = (
				B5F7A86E299D33060001ED69 /* AppDelegate.swift */,
				B5F7A870299D33060001ED69 /* SceneDelegate.swift */,
				B5F7A879299D33070001ED69 /* LaunchScreen.storyboard */,
				B5F7A87C299D33070001ED69 /* Info.plist */,
			);
			path = App;
			sourceTree = "<group>";
		};
		B5F7A883299DFD380001ED69 /* Resources */ = {
			isa = PBXGroup;
			children = (
				B5F7A877299D33070001ED69 /* Assets.xcassets */,
				B5EF44E72A10DE5B00AFAFEF /* Strings.swift */,
			);
			path = Resources;
			sourceTree = "<group>";
		};
		B5F7A884299DFD3E0001ED69 /* Main */ = {
			isa = PBXGroup;
			children = (
				B571088929A215D6003698C8 /* MainMenu */,
				B5EF44EC2A10E41200AFAFEF /* BikePathsModule */,
				B52896572A0A1CF5006A85D9 /* DigWorkModule */,
				B528962F2A06342D006A85D9 /* SportModule */,
				B53D664A2A028E520010F846 /* CloseRoadsModule */,
				B571088629A215C0003698C8 /* CommunalServicesModule */,
			);
			path = Main;
			sourceTree = "<group>";
		};
		B5F7A88B299E02650001ED69 /* Model */ = {
			isa = PBXGroup;
			children = (
				B5F7A88C299E04E60001ED69 /* MKItemAnnotation.swift */,
				B5F7A889299E02620001ED69 /* CommunalServices.swift */,
				B5F7A88E299E10D10001ED69 /* CommunalServiceFormatted.swift */,
			);
			path = Model;
			sourceTree = "<group>";
		};
		B5F7A890299E149C0001ED69 /* API */ = {
			isa = PBXGroup;
			children = (
				B5F7A885299DFFB50001ED69 /* APIManager.swift */,
				B5F7A887299DFFC10001ED69 /* APIEndpoint.swift */,
				B5EF44F62A110D0C00AFAFEF /* bikePathMock.json */,
				B528963F2A078AAC006A85D9 /* sportMock.json */,
				B528965F2A0A1F0C006A85D9 /* digWorkMock.json */,
				B5EF45002A112A8800AFAFEF /* bikePathInfoLegend.json */,
			);
			path = API;
			sourceTree = "<group>";
		};
		E65ECA55415E63BD3EE6801A /* Pods */ = {
			isa = PBXGroup;
			children = (
				7A77344C4C7C47ED6692D1C9 /* Pods-TumenCity.debug.xcconfig */,
				95D7D91F1F0CD00991DC2652 /* Pods-TumenCity.release.xcconfig */,
			);
			path = Pods;
			sourceTree = "<group>";
		};
/* End PBXGroup section */

/* Begin PBXNativeTarget section */
		B5F7A86A299D33060001ED69 /* TumenCity */ = {
			isa = PBXNativeTarget;
			buildConfigurationList = B5F7A87F299D33070001ED69 /* Build configuration list for PBXNativeTarget "TumenCity" */;
			buildPhases = (
				66C9E01D15796033B496FF74 /* [CP] Check Pods Manifest.lock */,
				B5F7A867299D33060001ED69 /* Sources */,
				B5F7A868299D33060001ED69 /* Frameworks */,
				B5F7A869299D33060001ED69 /* Resources */,
				15CB32FA022321DF44016416 /* [CP] Copy Pods Resources */,
			);
			buildRules = (
			);
			dependencies = (
			);
			name = TumenCity;
			packageProductDependencies = (
				B528963D2A077D68006A85D9 /* SnapKit */,
				B5EF45032A112BC100AFAFEF /* SDWebImage */,
				B5EF45062A11328000AFAFEF /* SDWebImageSVGCoder */,
			);
			productName = TumenCity;
			productReference = B5F7A86B299D33060001ED69 /* TumenCity.app */;
			productType = "com.apple.product-type.application";
		};
/* End PBXNativeTarget section */

/* Begin PBXProject section */
		B5F7A863299D33060001ED69 /* Project object */ = {
			isa = PBXProject;
			attributes = {
				BuildIndependentTargetsInParallel = 1;
				LastSwiftUpdateCheck = 1400;
				LastUpgradeCheck = 1400;
				TargetAttributes = {
					B5F7A86A299D33060001ED69 = {
						CreatedOnToolsVersion = 14.0.1;
					};
				};
			};
			buildConfigurationList = B5F7A866299D33060001ED69 /* Build configuration list for PBXProject "TumenCity" */;
			compatibilityVersion = "Xcode 14.0";
			developmentRegion = en;
			hasScannedForEncodings = 0;
			knownRegions = (
				en,
				Base,
			);
			mainGroup = B5F7A862299D33060001ED69;
			packageReferences = (
				B528963C2A077D68006A85D9 /* XCRemoteSwiftPackageReference "SnapKit" */,
				B5EF45022A112BC100AFAFEF /* XCRemoteSwiftPackageReference "SDWebImage" */,
				B5EF45052A11328000AFAFEF /* XCRemoteSwiftPackageReference "SDWebImageSVGCoder" */,
			);
			productRefGroup = B5F7A86C299D33060001ED69 /* Products */;
			projectDirPath = "";
			projectRoot = "";
			targets = (
				B5F7A86A299D33060001ED69 /* TumenCity */,
			);
		};
/* End PBXProject section */

/* Begin PBXResourcesBuildPhase section */
		B5F7A869299D33060001ED69 /* Resources */ = {
			isa = PBXResourcesBuildPhase;
			buildActionMask = 2147483647;
			files = (
				B5EF45012A112A8800AFAFEF /* bikePathInfoLegend.json in Resources */,
				B5EF44F72A110D0C00AFAFEF /* bikePathMock.json in Resources */,
				B5F7A87B299D33070001ED69 /* LaunchScreen.storyboard in Resources */,
				B52896602A0A1F0C006A85D9 /* digWorkMock.json in Resources */,
				B5F7A878299D33070001ED69 /* Assets.xcassets in Resources */,
				B52896402A078AAC006A85D9 /* sportMock.json in Resources */,
			);
			runOnlyForDeploymentPostprocessing = 0;
		};
/* End PBXResourcesBuildPhase section */

/* Begin PBXShellScriptBuildPhase section */
		15CB32FA022321DF44016416 /* [CP] Copy Pods Resources */ = {
			isa = PBXShellScriptBuildPhase;
			buildActionMask = 2147483647;
			files = (
			);
			inputFileListPaths = (
				"${PODS_ROOT}/Target Support Files/Pods-TumenCity/Pods-TumenCity-resources-${CONFIGURATION}-input-files.xcfilelist",
			);
			name = "[CP] Copy Pods Resources";
			outputFileListPaths = (
				"${PODS_ROOT}/Target Support Files/Pods-TumenCity/Pods-TumenCity-resources-${CONFIGURATION}-output-files.xcfilelist",
			);
			runOnlyForDeploymentPostprocessing = 0;
			shellPath = /bin/sh;
			shellScript = "\"${PODS_ROOT}/Target Support Files/Pods-TumenCity/Pods-TumenCity-resources.sh\"\n";
			showEnvVarsInLog = 0;
		};
		66C9E01D15796033B496FF74 /* [CP] Check Pods Manifest.lock */ = {
			isa = PBXShellScriptBuildPhase;
			buildActionMask = 2147483647;
			files = (
			);
			inputFileListPaths = (
			);
			inputPaths = (
				"${PODS_PODFILE_DIR_PATH}/Podfile.lock",
				"${PODS_ROOT}/Manifest.lock",
			);
			name = "[CP] Check Pods Manifest.lock";
			outputFileListPaths = (
			);
			outputPaths = (
				"$(DERIVED_FILE_DIR)/Pods-TumenCity-checkManifestLockResult.txt",
			);
			runOnlyForDeploymentPostprocessing = 0;
			shellPath = /bin/sh;
			shellScript = "diff \"${PODS_PODFILE_DIR_PATH}/Podfile.lock\" \"${PODS_ROOT}/Manifest.lock\" > /dev/null\nif [ $? != 0 ] ; then\n    # print error to STDERR\n    echo \"error: The sandbox is not in sync with the Podfile.lock. Run 'pod install' or update your CocoaPods installation.\" >&2\n    exit 1\nfi\n# This output is used by Xcode 'outputs' to avoid re-running this script phase.\necho \"SUCCESS\" > \"${SCRIPT_OUTPUT_FILE_0}\"\n";
			showEnvVarsInLog = 0;
		};
/* End PBXShellScriptBuildPhase section */

/* Begin PBXSourcesBuildPhase section */
		B5F7A867299D33060001ED69 /* Sources */ = {
			isa = PBXSourcesBuildPhase;
			buildActionMask = 2147483647;
			files = (
				B5EF44E22A0FDA6500AFAFEF /* DigWorkFilterBottomSheet.swift in Sources */,
				B5F7A88D299E04E60001ED69 /* MKItemAnnotation.swift in Sources */,
				B5EF44EE2A10E42D00AFAFEF /* BikePathsViewController.swift in Sources */,
				B52896352A063FCD006A85D9 /* SportViewModel.swift in Sources */,
				B52896422A07B34C006A85D9 /* SportContactView.swift in Sources */,
				B53D665E2A06225B0010F846 /* CloseRoadCallout.swift in Sources */,
				B53D66562A02CF690010F846 /* Cluster+StaticStyle.swift in Sources */,
				B52896492A091005006A85D9 /* UIViewControllerMapSegmented.swift in Sources */,
				B53D665C2A06211A0010F846 /* CommunalServiceCallout.swift in Sources */,
				B52896662A0F8343006A85D9 /* CustomBottomSheet.swift in Sources */,
				B5EF44F12A10E44D00AFAFEF /* BikePathsViewModel.swift in Sources */,
				B52896382A064145006A85D9 /* MKSportAnnotation.swift in Sources */,
				B5EF44E82A10DE5B00AFAFEF /* Strings.swift in Sources */,
				B53D66542A02C6F90010F846 /* MKCloseRoadAnnotation.swift in Sources */,
				B5EF44FF2A112A0100AFAFEF /* BikePathInfoLegend.swift in Sources */,
				B5F7A886299DFFB50001ED69 /* APIManager.swift in Sources */,
				B5F7A897299E44180001ED69 /* CommunalServicesViewModel.swift in Sources */,
				B571088429A0EC3F003698C8 /* ServiceInfoView.swift in Sources */,
				B5B06B642A000E0D00614772 /* SHA256Encrypt.swift in Sources */,
				B571088D29A216F6003698C8 /* UIButton+Blur.swift in Sources */,
				B566647C29A8A36A00D4D5D8 /* RegistySearchResultViewController.swift in Sources */,
				B52896692A0F93EC006A85D9 /* DigWorkBottomSheet.swift in Sources */,
				B528964C2A0912D3006A85D9 /* SportViewMap.swift in Sources */,
				B5EF44E42A10DD3600AFAFEF /* FilterView.swift in Sources */,
				B528964F2A091440006A85D9 /* SportRegistrySearchViewController.swift in Sources */,
				B5F7A873299D33060001ED69 /* CommunalServicesViewController.swift in Sources */,
				B57108A229A51AA1003698C8 /* MenuHeaderCollectionReusableView.swift in Sources */,
				B52896522A091464006A85D9 /* SportRegistryView.swift in Sources */,
				B57108A729A6415E003698C8 /* RegistryCardTableViewCell.swift in Sources */,
				B5F7A86F299D33060001ED69 /* AppDelegate.swift in Sources */,
				B5EF44F42A10E45800AFAFEF /* BikePaths.swift in Sources */,
				B53A680329F54564005DE734 /* Cluster+PieChart.swift in Sources */,
				B53D66502A029A270010F846 /* CloseRoadsViewModel.swift in Sources */,
				B53D66492A028E4F0010F846 /* CloseRoadsViewController.swift in Sources */,
				B571088229A0E9C4003698C8 /* CommunalServicesView.swift in Sources */,
				B5EF44FB2A11273B00AFAFEF /* BikePathsInfoItemView.swift in Sources */,
				B52896452A07BB3D006A85D9 /* SportLabelView.swift in Sources */,
				B528963B2A06B359006A85D9 /* SportCallout.swift in Sources */,
				B528965A2A0A1D12006A85D9 /* DigWorkViewModel.swift in Sources */,
				B5F7A88F299E10D10001ED69 /* CommunalServiceFormatted.swift in Sources */,
				B52896622A0A2067006A85D9 /* MKDigWorkAnnotation.swift in Sources */,
				B52896562A0A1CF2006A85D9 /* DigWorkViewController.swift in Sources */,
				B571088829A215D3003698C8 /* MainMenuViewController.swift in Sources */,
				B53D664C2A0293430010F846 /* CloseRoad.swift in Sources */,
				B52896312A063447006A85D9 /* Sport.swift in Sources */,
				B571089D29A4DD86003698C8 /* MenuCollectionViewCell.swift in Sources */,
				B53D665A2A061B7A0010F846 /* YandexMK+AddAnnotations.swift in Sources */,
				B5F7A871299D33060001ED69 /* SceneDelegate.swift in Sources */,
				B57108A429A63FF4003698C8 /* RegistryView.swift in Sources */,
				B571089F29A519B6003698C8 /* CreateSectionForMainMenu.swift in Sources */,
				B51698A329F55DB80094E3B0 /* Callout.swift in Sources */,
				B528965D2A0A1E82006A85D9 /* DigWork.swift in Sources */,
				B52896542A091726006A85D9 /* SportRegistryTableViewCell.swift in Sources */,
				B5B06B5F29FE96A900614772 /* UIView+GradientBorder.swift in Sources */,
				B571089929A374BD003698C8 /* YandexMK+Utilities.swift in Sources */,
				B5F7A88A299E02620001ED69 /* CommunalServices.swift in Sources */,
				B5F7A888299DFFC10001ED69 /* APIEndpoint.swift in Sources */,
				B52896642A0A24A5006A85D9 /* DigWorkCallout.swift in Sources */,
				B5EF44FD2A11288000AFAFEF /* BikePathInfoBottomSheet.swift in Sources */,
				B528962E2A0633FE006A85D9 /* SportViewController.swift in Sources */,
			);
			runOnlyForDeploymentPostprocessing = 0;
		};
/* End PBXSourcesBuildPhase section */

/* Begin PBXVariantGroup section */
		B5F7A879299D33070001ED69 /* LaunchScreen.storyboard */ = {
			isa = PBXVariantGroup;
			children = (
				B5F7A87A299D33070001ED69 /* Base */,
			);
			name = LaunchScreen.storyboard;
			sourceTree = "<group>";
		};
/* End PBXVariantGroup section */

/* Begin XCBuildConfiguration section */
		B5F7A87D299D33070001ED69 /* Debug */ = {
			isa = XCBuildConfiguration;
			buildSettings = {
				ALWAYS_SEARCH_USER_PATHS = NO;
				CLANG_ANALYZER_NONNULL = YES;
				CLANG_ANALYZER_NUMBER_OBJECT_CONVERSION = YES_AGGRESSIVE;
				CLANG_CXX_LANGUAGE_STANDARD = "gnu++20";
				CLANG_ENABLE_MODULES = YES;
				CLANG_ENABLE_OBJC_ARC = YES;
				CLANG_ENABLE_OBJC_WEAK = YES;
				CLANG_WARN_BLOCK_CAPTURE_AUTORELEASING = YES;
				CLANG_WARN_BOOL_CONVERSION = YES;
				CLANG_WARN_COMMA = YES;
				CLANG_WARN_CONSTANT_CONVERSION = YES;
				CLANG_WARN_DEPRECATED_OBJC_IMPLEMENTATIONS = YES;
				CLANG_WARN_DIRECT_OBJC_ISA_USAGE = YES_ERROR;
				CLANG_WARN_DOCUMENTATION_COMMENTS = YES;
				CLANG_WARN_EMPTY_BODY = YES;
				CLANG_WARN_ENUM_CONVERSION = YES;
				CLANG_WARN_INFINITE_RECURSION = YES;
				CLANG_WARN_INT_CONVERSION = YES;
				CLANG_WARN_NON_LITERAL_NULL_CONVERSION = YES;
				CLANG_WARN_OBJC_IMPLICIT_RETAIN_SELF = YES;
				CLANG_WARN_OBJC_LITERAL_CONVERSION = YES;
				CLANG_WARN_OBJC_ROOT_CLASS = YES_ERROR;
				CLANG_WARN_QUOTED_INCLUDE_IN_FRAMEWORK_HEADER = YES;
				CLANG_WARN_RANGE_LOOP_ANALYSIS = YES;
				CLANG_WARN_STRICT_PROTOTYPES = YES;
				CLANG_WARN_SUSPICIOUS_MOVE = YES;
				CLANG_WARN_UNGUARDED_AVAILABILITY = YES_AGGRESSIVE;
				CLANG_WARN_UNREACHABLE_CODE = YES;
				CLANG_WARN__DUPLICATE_METHOD_MATCH = YES;
				COPY_PHASE_STRIP = NO;
				DEBUG_INFORMATION_FORMAT = dwarf;
				ENABLE_STRICT_OBJC_MSGSEND = YES;
				ENABLE_TESTABILITY = YES;
				GCC_C_LANGUAGE_STANDARD = gnu11;
				GCC_DYNAMIC_NO_PIC = NO;
				GCC_NO_COMMON_BLOCKS = YES;
				GCC_OPTIMIZATION_LEVEL = 0;
				GCC_PREPROCESSOR_DEFINITIONS = (
					"DEBUG=1",
					"$(inherited)",
				);
				GCC_WARN_64_TO_32_BIT_CONVERSION = YES;
				GCC_WARN_ABOUT_RETURN_TYPE = YES_ERROR;
				GCC_WARN_UNDECLARED_SELECTOR = YES;
				GCC_WARN_UNINITIALIZED_AUTOS = YES_AGGRESSIVE;
				GCC_WARN_UNUSED_FUNCTION = YES;
				GCC_WARN_UNUSED_VARIABLE = YES;
				IPHONEOS_DEPLOYMENT_TARGET = 13.0;
				MTL_ENABLE_DEBUG_INFO = INCLUDE_SOURCE;
				MTL_FAST_MATH = YES;
				ONLY_ACTIVE_ARCH = YES;
				SDKROOT = iphoneos;
				SWIFT_ACTIVE_COMPILATION_CONDITIONS = DEBUG;
				SWIFT_OPTIMIZATION_LEVEL = "-Onone";
			};
			name = Debug;
		};
		B5F7A87E299D33070001ED69 /* Release */ = {
			isa = XCBuildConfiguration;
			buildSettings = {
				ALWAYS_SEARCH_USER_PATHS = NO;
				CLANG_ANALYZER_NONNULL = YES;
				CLANG_ANALYZER_NUMBER_OBJECT_CONVERSION = YES_AGGRESSIVE;
				CLANG_CXX_LANGUAGE_STANDARD = "gnu++20";
				CLANG_ENABLE_MODULES = YES;
				CLANG_ENABLE_OBJC_ARC = YES;
				CLANG_ENABLE_OBJC_WEAK = YES;
				CLANG_WARN_BLOCK_CAPTURE_AUTORELEASING = YES;
				CLANG_WARN_BOOL_CONVERSION = YES;
				CLANG_WARN_COMMA = YES;
				CLANG_WARN_CONSTANT_CONVERSION = YES;
				CLANG_WARN_DEPRECATED_OBJC_IMPLEMENTATIONS = YES;
				CLANG_WARN_DIRECT_OBJC_ISA_USAGE = YES_ERROR;
				CLANG_WARN_DOCUMENTATION_COMMENTS = YES;
				CLANG_WARN_EMPTY_BODY = YES;
				CLANG_WARN_ENUM_CONVERSION = YES;
				CLANG_WARN_INFINITE_RECURSION = YES;
				CLANG_WARN_INT_CONVERSION = YES;
				CLANG_WARN_NON_LITERAL_NULL_CONVERSION = YES;
				CLANG_WARN_OBJC_IMPLICIT_RETAIN_SELF = YES;
				CLANG_WARN_OBJC_LITERAL_CONVERSION = YES;
				CLANG_WARN_OBJC_ROOT_CLASS = YES_ERROR;
				CLANG_WARN_QUOTED_INCLUDE_IN_FRAMEWORK_HEADER = YES;
				CLANG_WARN_RANGE_LOOP_ANALYSIS = YES;
				CLANG_WARN_STRICT_PROTOTYPES = YES;
				CLANG_WARN_SUSPICIOUS_MOVE = YES;
				CLANG_WARN_UNGUARDED_AVAILABILITY = YES_AGGRESSIVE;
				CLANG_WARN_UNREACHABLE_CODE = YES;
				CLANG_WARN__DUPLICATE_METHOD_MATCH = YES;
				COPY_PHASE_STRIP = NO;
				DEBUG_INFORMATION_FORMAT = "dwarf-with-dsym";
				ENABLE_NS_ASSERTIONS = NO;
				ENABLE_STRICT_OBJC_MSGSEND = YES;
				GCC_C_LANGUAGE_STANDARD = gnu11;
				GCC_NO_COMMON_BLOCKS = YES;
				GCC_WARN_64_TO_32_BIT_CONVERSION = YES;
				GCC_WARN_ABOUT_RETURN_TYPE = YES_ERROR;
				GCC_WARN_UNDECLARED_SELECTOR = YES;
				GCC_WARN_UNINITIALIZED_AUTOS = YES_AGGRESSIVE;
				GCC_WARN_UNUSED_FUNCTION = YES;
				GCC_WARN_UNUSED_VARIABLE = YES;
				IPHONEOS_DEPLOYMENT_TARGET = 13.0;
				MTL_ENABLE_DEBUG_INFO = NO;
				MTL_FAST_MATH = YES;
				SDKROOT = iphoneos;
				SWIFT_COMPILATION_MODE = wholemodule;
				SWIFT_OPTIMIZATION_LEVEL = "-O";
				VALIDATE_PRODUCT = YES;
			};
			name = Release;
		};
		B5F7A880299D33070001ED69 /* Debug */ = {
			isa = XCBuildConfiguration;
			baseConfigurationReference = 7A77344C4C7C47ED6692D1C9 /* Pods-TumenCity.debug.xcconfig */;
			buildSettings = {
				ASSETCATALOG_COMPILER_APPICON_NAME = AppIcon;
				ASSETCATALOG_COMPILER_GLOBAL_ACCENT_COLOR_NAME = AccentColor;
				CODE_SIGN_STYLE = Automatic;
				CURRENT_PROJECT_VERSION = 1;
				DEVELOPMENT_TEAM = V352R4M2J4;
				GENERATE_INFOPLIST_FILE = YES;
				INFOPLIST_FILE = TumenCity/App/Info.plist;
				INFOPLIST_KEY_UIApplicationSupportsIndirectInputEvents = YES;
				INFOPLIST_KEY_UILaunchStoryboardName = LaunchScreen;
				INFOPLIST_KEY_UISupportedInterfaceOrientations_iPad = "UIInterfaceOrientationPortrait UIInterfaceOrientationPortraitUpsideDown UIInterfaceOrientationLandscapeLeft UIInterfaceOrientationLandscapeRight";
				INFOPLIST_KEY_UISupportedInterfaceOrientations_iPhone = "UIInterfaceOrientationPortrait UIInterfaceOrientationLandscapeLeft UIInterfaceOrientationLandscapeRight";
				LD_RUNPATH_SEARCH_PATHS = (
					"$(inherited)",
					"@executable_path/Frameworks",
				);
				MARKETING_VERSION = 1.0;
				PRODUCT_BUNDLE_IDENTIFIER = pavel.TumenCity;
				PRODUCT_NAME = "$(TARGET_NAME)";
				SWIFT_EMIT_LOC_STRINGS = YES;
				SWIFT_VERSION = 5.0;
				TARGETED_DEVICE_FAMILY = "1,2";
			};
			name = Debug;
		};
		B5F7A881299D33070001ED69 /* Release */ = {
			isa = XCBuildConfiguration;
			baseConfigurationReference = 95D7D91F1F0CD00991DC2652 /* Pods-TumenCity.release.xcconfig */;
			buildSettings = {
				ASSETCATALOG_COMPILER_APPICON_NAME = AppIcon;
				ASSETCATALOG_COMPILER_GLOBAL_ACCENT_COLOR_NAME = AccentColor;
				CODE_SIGN_STYLE = Automatic;
				CURRENT_PROJECT_VERSION = 1;
				DEVELOPMENT_TEAM = V352R4M2J4;
				GENERATE_INFOPLIST_FILE = YES;
				INFOPLIST_FILE = TumenCity/App/Info.plist;
				INFOPLIST_KEY_UIApplicationSupportsIndirectInputEvents = YES;
				INFOPLIST_KEY_UILaunchStoryboardName = LaunchScreen;
				INFOPLIST_KEY_UISupportedInterfaceOrientations_iPad = "UIInterfaceOrientationPortrait UIInterfaceOrientationPortraitUpsideDown UIInterfaceOrientationLandscapeLeft UIInterfaceOrientationLandscapeRight";
				INFOPLIST_KEY_UISupportedInterfaceOrientations_iPhone = "UIInterfaceOrientationPortrait UIInterfaceOrientationLandscapeLeft UIInterfaceOrientationLandscapeRight";
				LD_RUNPATH_SEARCH_PATHS = (
					"$(inherited)",
					"@executable_path/Frameworks",
				);
				MARKETING_VERSION = 1.0;
				PRODUCT_BUNDLE_IDENTIFIER = pavel.TumenCity;
				PRODUCT_NAME = "$(TARGET_NAME)";
				SWIFT_EMIT_LOC_STRINGS = YES;
				SWIFT_VERSION = 5.0;
				TARGETED_DEVICE_FAMILY = "1,2";
			};
			name = Release;
		};
/* End XCBuildConfiguration section */

/* Begin XCConfigurationList section */
		B5F7A866299D33060001ED69 /* Build configuration list for PBXProject "TumenCity" */ = {
			isa = XCConfigurationList;
			buildConfigurations = (
				B5F7A87D299D33070001ED69 /* Debug */,
				B5F7A87E299D33070001ED69 /* Release */,
			);
			defaultConfigurationIsVisible = 0;
			defaultConfigurationName = Release;
		};
		B5F7A87F299D33070001ED69 /* Build configuration list for PBXNativeTarget "TumenCity" */ = {
			isa = XCConfigurationList;
			buildConfigurations = (
				B5F7A880299D33070001ED69 /* Debug */,
				B5F7A881299D33070001ED69 /* Release */,
			);
			defaultConfigurationIsVisible = 0;
			defaultConfigurationName = Release;
		};
/* End XCConfigurationList section */

/* Begin XCRemoteSwiftPackageReference section */
		B528963C2A077D68006A85D9 /* XCRemoteSwiftPackageReference "SnapKit" */ = {
			isa = XCRemoteSwiftPackageReference;
			repositoryURL = "https://github.com/SnapKit/SnapKit";
			requirement = {
				kind = upToNextMajorVersion;
				minimumVersion = 5.0.0;
			};
		};
		B5EF45022A112BC100AFAFEF /* XCRemoteSwiftPackageReference "SDWebImage" */ = {
			isa = XCRemoteSwiftPackageReference;
			repositoryURL = "https://github.com/SDWebImage/SDWebImage.git";
			requirement = {
				kind = upToNextMajorVersion;
				minimumVersion = 5.0.0;
			};
		};
		B5EF45052A11328000AFAFEF /* XCRemoteSwiftPackageReference "SDWebImageSVGCoder" */ = {
			isa = XCRemoteSwiftPackageReference;
			repositoryURL = "https://github.com/SDWebImage/SDWebImageSVGCoder";
			requirement = {
				kind = upToNextMajorVersion;
				minimumVersion = 1.0.0;
			};
		};
/* End XCRemoteSwiftPackageReference section */

/* Begin XCSwiftPackageProductDependency section */
		B528963D2A077D68006A85D9 /* SnapKit */ = {
			isa = XCSwiftPackageProductDependency;
			package = B528963C2A077D68006A85D9 /* XCRemoteSwiftPackageReference "SnapKit" */;
			productName = SnapKit;
		};
		B5EF45032A112BC100AFAFEF /* SDWebImage */ = {
			isa = XCSwiftPackageProductDependency;
			package = B5EF45022A112BC100AFAFEF /* XCRemoteSwiftPackageReference "SDWebImage" */;
			productName = SDWebImage;
		};
		B5EF45062A11328000AFAFEF /* SDWebImageSVGCoder */ = {
			isa = XCSwiftPackageProductDependency;
			package = B5EF45052A11328000AFAFEF /* XCRemoteSwiftPackageReference "SDWebImageSVGCoder" */;
			productName = SDWebImageSVGCoder;
		};
/* End XCSwiftPackageProductDependency section */
	};
	rootObject = B5F7A863299D33060001ED69 /* Project object */;
}
